
Microsoft Visual Studio Solution File, Format Version 12.00
# Visual Studio Version 17
VisualStudioVersion = 17.12.35527.113 d17.12
MinimumVisualStudioVersion = 10.0.40219.1
Project("{FAE04EC0-301F-11D3-BF4B-00C04F79EFBC}") = "EmployeeAPI", "EmployeeAPI\EmployeeAPI.csproj", "{255D4BAF-B998-4973-81B2-B7C1CEBF259E}"
EndProject
Global
	GlobalSection(SolutionConfigurationPlatforms) = preSolution
		Debug|Any CPU = Debug|Any CPU
		Release|Any CPU = Release|Any CPU
	EndGlobalSection
	GlobalSection(ProjectConfigurationPlatforms) = postSolution
		{255D4BAF-B998-4973-81B2-B7C1CEBF259E}.Debug|Any CPU.ActiveCfg = Debug|Any CPU
		{255D4BAF-B998-4973-81B2-B7C1CEBF259E}.Debug|Any CPU.Build.0 = Debug|Any CPU
		{255D4BAF-B998-4973-81B2-B7C1CEBF259E}.Release|Any CPU.ActiveCfg = Release|Any CPU
		{255D4BAF-B998-4973-81B2-B7C1CEBF259E}.Release|Any CPU.Build.0 = Release|Any CPU
	EndGlobalSection
	GlobalSection(SolutionProperties) = preSolution
		HideSolutionNode = FALSE
	EndGlobalSection
EndGlobal
